
Microsoft Visual Studio Solution File, Format Version 12.00
# Visual Studio 15
VisualStudioVersion = 15.0.28307.421
MinimumVisualStudioVersion = 10.0.40219.1
Project("{FAE04EC0-301F-11D3-BF4B-00C04F79EFBC}") = "WebApp", "WebApp\WebApp.csproj", "{3467ED04-436A-485E-A2C8-C172670E2CB9}"
EndProject
Project("{E24C65DC-7377-472B-9ABA-BC803B73C61A}") = "angular", "angular\", "{34EA359B-8EC4-4455-A32D-2AEF53C2AB13}"
	ProjectSection(WebsiteProperties) = preProject
		TargetFrameworkMoniker = ".NETFramework,Version%3Dv4.0"
		Debug.AspNetCompiler.VirtualPath = "/localhost_51424"
		Debug.AspNetCompiler.PhysicalPath = "angular\"
		Debug.AspNetCompiler.TargetPath = "PrecompiledWeb\localhost_51424\"
		Debug.AspNetCompiler.Updateable = "true"
		Debug.AspNetCompiler.ForceOverwrite = "true"
		Debug.AspNetCompiler.FixedNames = "false"
		Debug.AspNetCompiler.Debug = "True"
		Release.AspNetCompiler.VirtualPath = "/localhost_51424"
		Release.AspNetCompiler.PhysicalPath = "angular\"
		Release.AspNetCompiler.TargetPath = "PrecompiledWeb\localhost_51424\"
		Release.AspNetCompiler.Updateable = "true"
		Release.AspNetCompiler.ForceOverwrite = "true"
		Release.AspNetCompiler.FixedNames = "false"
		Release.AspNetCompiler.Debug = "False"
		VWDPort = "51424"
		SlnRelativePath = "angular\"
	EndProjectSection
EndProject
Global
	GlobalSection(SolutionConfigurationPlatforms) = preSolution
		Debug|Any CPU = Debug|Any CPU
		Release|Any CPU = Release|Any CPU
	EndGlobalSection
	GlobalSection(ProjectConfigurationPlatforms) = postSolution
		{3467ED04-436A-485E-A2C8-C172670E2CB9}.Debug|Any CPU.ActiveCfg = Debug|Any CPU
		{3467ED04-436A-485E-A2C8-C172670E2CB9}.Debug|Any CPU.Build.0 = Debug|Any CPU
		{3467ED04-436A-485E-A2C8-C172670E2CB9}.Release|Any CPU.ActiveCfg = Release|Any CPU
		{3467ED04-436A-485E-A2C8-C172670E2CB9}.Release|Any CPU.Build.0 = Release|Any CPU
		{34EA359B-8EC4-4455-A32D-2AEF53C2AB13}.Debug|Any CPU.ActiveCfg = Debug|Any CPU
		{34EA359B-8EC4-4455-A32D-2AEF53C2AB13}.Debug|Any CPU.Build.0 = Debug|Any CPU
		{34EA359B-8EC4-4455-A32D-2AEF53C2AB13}.Release|Any CPU.ActiveCfg = Debug|Any CPU
		{34EA359B-8EC4-4455-A32D-2AEF53C2AB13}.Release|Any CPU.Build.0 = Debug|Any CPU
	EndGlobalSection
	GlobalSection(SolutionProperties) = preSolution
		HideSolutionNode = FALSE
	EndGlobalSection
	GlobalSection(ExtensibilityGlobals) = postSolution
		SolutionGuid = {CF2E0CA6-C91C-4DF6-A95C-A63567B291BE}
	EndGlobalSection
EndGlobal
